
Microsoft Visual Studio Solution File, Format Version 12.00
# Visual Studio Version 16
VisualStudioVersion = 16.0.31624.102
MinimumVisualStudioVersion = 10.0.40219.1
Project("{9A19103F-16F7-4668-BE54-9A1E7A4F7556}") = "Second Task", "Second Task\Second Task.csproj", "{48BDCFEF-8F82-4BEC-95EE-CB2DFB72F5E8}"
EndProject
Project("{FAE04EC0-301F-11D3-BF4B-00C04F79EFBC}") = "TestProject", "TestProject\TestProject.csproj", "{6D9E50D9-FF07-4207-A79B-5D76C87D6032}"
EndProject
Global
	GlobalSection(SolutionConfigurationPlatforms) = preSolution
		Debug|Any CPU = Debug|Any CPU
		Release|Any CPU = Release|Any CPU
	EndGlobalSection
	GlobalSection(ProjectConfigurationPlatforms) = postSolution
		{48BDCFEF-8F82-4BEC-95EE-CB2DFB72F5E8}.Debug|Any CPU.ActiveCfg = Debug|Any CPU
		{48BDCFEF-8F82-4BEC-95EE-CB2DFB72F5E8}.Debug|Any CPU.Build.0 = Debug|Any CPU
		{48BDCFEF-8F82-4BEC-95EE-CB2DFB72F5E8}.Release|Any CPU.ActiveCfg = Release|Any CPU
		{48BDCFEF-8F82-4BEC-95EE-CB2DFB72F5E8}.Release|Any CPU.Build.0 = Release|Any CPU
		{6D9E50D9-FF07-4207-A79B-5D76C87D6032}.Debug|Any CPU.ActiveCfg = Debug|Any CPU
		{6D9E50D9-FF07-4207-A79B-5D76C87D6032}.Debug|Any CPU.Build.0 = Debug|Any CPU
		{6D9E50D9-FF07-4207-A79B-5D76C87D6032}.Release|Any CPU.ActiveCfg = Release|Any CPU
		{6D9E50D9-FF07-4207-A79B-5D76C87D6032}.Release|Any CPU.Build.0 = Release|Any CPU
	EndGlobalSection
	GlobalSection(SolutionProperties) = preSolution
		HideSolutionNode = FALSE
	EndGlobalSection
	GlobalSection(ExtensibilityGlobals) = postSolution
		SolutionGuid = {C8BBE3B2-921C-4EBF-B0CB-6F7CC3C113ED}
	EndGlobalSection
EndGlobal
